
Microsoft Visual Studio Solution File, Format Version 12.00
# Visual Studio Version 17
VisualStudioVersion = 17.0.31903.59
MinimumVisualStudioVersion = 10.0.40219.1
Project("{2150E333-8FDC-42A3-9474-1A3956D46DE8}") = "src", "src", "{02EA681E-C7D8-13C7-8484-4AC65E1B71E8}"
EndProject
Project("{2150E333-8FDC-42A3-9474-1A3956D46DE8}") = "sdk", "sdk", "{F3D08662-845C-4224-9390-5503E4D8A7C2}"
EndProject
Project("{2150E333-8FDC-42A3-9474-1A3956D46DE8}") = "tests", "tests", "{218CEA89-4F90-43A6-B58F-F5B1995433B2}"
EndProject
Project("{2150E333-8FDC-42A3-9474-1A3956D46DE8}") = "src", "src", "{42175D38-2518-4A6C-B1A9-516BEC8BFBBE}"
EndProject
Project("{2150E333-8FDC-42A3-9474-1A3956D46DE8}") = "tests", "tests", "{8D7F3D74-5923-440A-BE5F-CB41F0A1C650}"
EndProject
Project("{FAE04EC0-301F-11D3-BF4B-00C04F79EFBC}") = "AI.GithubCopilot", "sdk\src\AI.GithubCopilot\AI.GithubCopilot.csproj", "{09C54505-DD4A-B8F0-675D-7E2CB7FA945C}"
EndProject
Project("{2150E333-8FDC-42A3-9474-1A3956D46DE8}") = "Solution Items", "Solution Items", "{8EC462FD-D22E-90A8-E5CE-7E832BA40C5D}"
	ProjectSection(SolutionItems) = preProject
		Directory.Build.props = Directory.Build.props
	EndProjectSection
EndProject
Project("{2150E333-8FDC-42A3-9474-1A3956D46DE8}") = "UnitTests", "UnitTests", "{310EEBCE-A040-4CE1-9BBF-2D967EBDD2E5}"
EndProject
Project("{FAE04EC0-301F-11D3-BF4B-00C04F79EFBC}") = "AI.GithubCopilot.UnitTests", "sdk\tests\UnitTests\AI.GithubCopilot.UnitTests\AI.GithubCopilot.UnitTests.csproj", "{FA6713A6-62E5-B3D9-0872-6E82230D27B4}"
EndProject
Project("{FAE04EC0-301F-11D3-BF4B-00C04F79EFBC}") = "ElTocardo.API", "src\ElTocardo.API\ElTocardo.API.csproj", "{031D8060-9B8E-CB44-7F8C-10D1258D9E79}"
EndProject
Project("{FAE04EC0-301F-11D3-BF4B-00C04F79EFBC}") = "ElTocardo.Application", "src\ElTocardo.Application\ElTocardo.Application.csproj", "{04CA3F2D-47E3-C5CE-5E69-060603FCF648}"
EndProject
Project("{FAE04EC0-301F-11D3-BF4B-00C04F79EFBC}") = "ElTocardo.Domain", "src\ElTocardo.Domain\ElTocardo.Domain.csproj", "{331FAAB8-706E-3F02-A36D-F03A3391B0FD}"
EndProject
Project("{FAE04EC0-301F-11D3-BF4B-00C04F79EFBC}") = "ElTocardo.Host", "src\ElTocardo.Host\ElTocardo.Host.csproj", "{BABD4CD7-03AE-00F4-6B57-3B18073CC3DC}"
EndProject
Project("{FAE04EC0-301F-11D3-BF4B-00C04F79EFBC}") = "ElTocardo.Infrastructure", "src\ElTocardo.Infrastructure\ElTocardo.Infrastructure.csproj", "{F4834652-3A48-5557-9A4A-5236DCEC0CBE}"
EndProject
Project("{2150E333-8FDC-42A3-9474-1A3956D46DE8}") = "UnitTests", "UnitTests", "{1F1759E1-9447-43AB-97F8-C48A58215B85}"
EndProject
Project("{2150E333-8FDC-42A3-9474-1A3956D46DE8}") = "IntegrationTests", "IntegrationTests", "{59174D55-8CA0-4F75-B934-9E9F11F32C80}"
EndProject
Project("{FAE04EC0-301F-11D3-BF4B-00C04F79EFBC}") = "ElTocardo.API.UnitTests", "tests\UnitTests\ElTocardo.API.UnitTests\ElTocardo.API.UnitTests.csproj", "{2690254B-AB61-DA4F-A8F7-890A31CB8347}"
EndProject
Project("{FAE04EC0-301F-11D3-BF4B-00C04F79EFBC}") = "ElTocardo.Application.UnitTests", "tests\UnitTests\ElTocardo.Application.UnitTests\ElTocardo.Application.UnitTests.csproj", "{CF7FF88E-AED7-FFDF-05E4-ECCD9BA31BF7}"
EndProject
Project("{FAE04EC0-301F-11D3-BF4B-00C04F79EFBC}") = "ElTocardo.Domain.UnitTests", "tests\UnitTests\ElTocardo.Domain.UnitTests\ElTocardo.Domain.UnitTests.csproj", "{1985FC2F-51BA-1115-0994-04D44C24A8B2}"
EndProject
Project("{FAE04EC0-301F-11D3-BF4B-00C04F79EFBC}") = "ElTocardo.Host.UnitTests", "tests\UnitTests\ElTocardo.Host.UnitTests\ElTocardo.Host.UnitTests.csproj", "{FEF27C62-6484-6C24-9A2C-92A4EE66024F}"
EndProject
Project("{FAE04EC0-301F-11D3-BF4B-00C04F79EFBC}") = "ElTocardo.Infrastructure.UnitTests", "tests\UnitTests\ElTocardo.Infrastructure.UnitTests\ElTocardo.Infrastructure.UnitTests.csproj", "{66C614E1-F657-EE3C-036E-FACBB96B4191}"
EndProject
Project("{FAE04EC0-301F-11D3-BF4B-00C04F79EFBC}") = "ElTocardo.Application.IntegrationTests", "tests\IntegrationTests\ElTocardo.Application.IntegrationTests\ElTocardo.Application.IntegrationTests.csproj", "{79E637FB-95CD-4BA8-B45C-CA3B492500FD}"
EndProject
Project("{FAE04EC0-301F-11D3-BF4B-00C04F79EFBC}") = "ElTocardo.Infrastructure.EntityFramework", "src\ElTocardo.Infrastructure.EntityFramework\ElTocardo.Infrastructure.EntityFramework.csproj", "{7198BB95-6E59-43AE-8A25-FDC8C1DE1B66}"
EndProject
Global
	GlobalSection(SolutionConfigurationPlatforms) = preSolution
		Debug|Any CPU = Debug|Any CPU
		Release|Any CPU = Release|Any CPU
	EndGlobalSection
	GlobalSection(ProjectConfigurationPlatforms) = postSolution
		{09C54505-DD4A-B8F0-675D-7E2CB7FA945C}.Debug|Any CPU.ActiveCfg = Debug|Any CPU
		{09C54505-DD4A-B8F0-675D-7E2CB7FA945C}.Debug|Any CPU.Build.0 = Debug|Any CPU
		{09C54505-DD4A-B8F0-675D-7E2CB7FA945C}.Release|Any CPU.ActiveCfg = Release|Any CPU
		{09C54505-DD4A-B8F0-675D-7E2CB7FA945C}.Release|Any CPU.Build.0 = Release|Any CPU
		{FA6713A6-62E5-B3D9-0872-6E82230D27B4}.Debug|Any CPU.ActiveCfg = Debug|Any CPU
		{FA6713A6-62E5-B3D9-0872-6E82230D27B4}.Debug|Any CPU.Build.0 = Debug|Any CPU
		{FA6713A6-62E5-B3D9-0872-6E82230D27B4}.Release|Any CPU.ActiveCfg = Release|Any CPU
		{FA6713A6-62E5-B3D9-0872-6E82230D27B4}.Release|Any CPU.Build.0 = Release|Any CPU
		{031D8060-9B8E-CB44-7F8C-10D1258D9E79}.Debug|Any CPU.ActiveCfg = Debug|Any CPU
		{031D8060-9B8E-CB44-7F8C-10D1258D9E79}.Debug|Any CPU.Build.0 = Debug|Any CPU
		{031D8060-9B8E-CB44-7F8C-10D1258D9E79}.Release|Any CPU.ActiveCfg = Release|Any CPU
		{031D8060-9B8E-CB44-7F8C-10D1258D9E79}.Release|Any CPU.Build.0 = Release|Any CPU
		{04CA3F2D-47E3-C5CE-5E69-060603FCF648}.Debug|Any CPU.ActiveCfg = Debug|Any CPU
		{04CA3F2D-47E3-C5CE-5E69-060603FCF648}.Debug|Any CPU.Build.0 = Debug|Any CPU
		{04CA3F2D-47E3-C5CE-5E69-060603FCF648}.Release|Any CPU.ActiveCfg = Release|Any CPU
		{04CA3F2D-47E3-C5CE-5E69-060603FCF648}.Release|Any CPU.Build.0 = Release|Any CPU
		{331FAAB8-706E-3F02-A36D-F03A3391B0FD}.Debug|Any CPU.ActiveCfg = Debug|Any CPU
		{331FAAB8-706E-3F02-A36D-F03A3391B0FD}.Debug|Any CPU.Build.0 = Debug|Any CPU
		{331FAAB8-706E-3F02-A36D-F03A3391B0FD}.Release|Any CPU.ActiveCfg = Release|Any CPU
		{331FAAB8-706E-3F02-A36D-F03A3391B0FD}.Release|Any CPU.Build.0 = Release|Any CPU
		{BABD4CD7-03AE-00F4-6B57-3B18073CC3DC}.Debug|Any CPU.ActiveCfg = Debug|Any CPU
		{BABD4CD7-03AE-00F4-6B57-3B18073CC3DC}.Debug|Any CPU.Build.0 = Debug|Any CPU
		{BABD4CD7-03AE-00F4-6B57-3B18073CC3DC}.Release|Any CPU.ActiveCfg = Release|Any CPU
		{BABD4CD7-03AE-00F4-6B57-3B18073CC3DC}.Release|Any CPU.Build.0 = Release|Any CPU
		{F4834652-3A48-5557-9A4A-5236DCEC0CBE}.Debug|Any CPU.ActiveCfg = Debug|Any CPU
		{F4834652-3A48-5557-9A4A-5236DCEC0CBE}.Debug|Any CPU.Build.0 = Debug|Any CPU
		{F4834652-3A48-5557-9A4A-5236DCEC0CBE}.Release|Any CPU.ActiveCfg = Release|Any CPU
		{F4834652-3A48-5557-9A4A-5236DCEC0CBE}.Release|Any CPU.Build.0 = Release|Any CPU
		{2690254B-AB61-DA4F-A8F7-890A31CB8347}.Debug|Any CPU.ActiveCfg = Debug|Any CPU
		{2690254B-AB61-DA4F-A8F7-890A31CB8347}.Debug|Any CPU.Build.0 = Debug|Any CPU
		{2690254B-AB61-DA4F-A8F7-890A31CB8347}.Release|Any CPU.ActiveCfg = Release|Any CPU
		{2690254B-AB61-DA4F-A8F7-890A31CB8347}.Release|Any CPU.Build.0 = Release|Any CPU
		{CF7FF88E-AED7-FFDF-05E4-ECCD9BA31BF7}.Debug|Any CPU.ActiveCfg = Debug|Any CPU
		{CF7FF88E-AED7-FFDF-05E4-ECCD9BA31BF7}.Debug|Any CPU.Build.0 = Debug|Any CPU
		{CF7FF88E-AED7-FFDF-05E4-ECCD9BA31BF7}.Release|Any CPU.ActiveCfg = Release|Any CPU
		{CF7FF88E-AED7-FFDF-05E4-ECCD9BA31BF7}.Release|Any CPU.Build.0 = Release|Any CPU
		{1985FC2F-51BA-1115-0994-04D44C24A8B2}.Debug|Any CPU.ActiveCfg = Debug|Any CPU
		{1985FC2F-51BA-1115-0994-04D44C24A8B2}.Debug|Any CPU.Build.0 = Debug|Any CPU
		{1985FC2F-51BA-1115-0994-04D44C24A8B2}.Release|Any CPU.ActiveCfg = Release|Any CPU
		{1985FC2F-51BA-1115-0994-04D44C24A8B2}.Release|Any CPU.Build.0 = Release|Any CPU
		{FEF27C62-6484-6C24-9A2C-92A4EE66024F}.Debug|Any CPU.ActiveCfg = Debug|Any CPU
		{FEF27C62-6484-6C24-9A2C-92A4EE66024F}.Debug|Any CPU.Build.0 = Debug|Any CPU
		{FEF27C62-6484-6C24-9A2C-92A4EE66024F}.Release|Any CPU.ActiveCfg = Release|Any CPU
		{FEF27C62-6484-6C24-9A2C-92A4EE66024F}.Release|Any CPU.Build.0 = Release|Any CPU
		{66C614E1-F657-EE3C-036E-FACBB96B4191}.Debug|Any CPU.ActiveCfg = Debug|Any CPU
		{66C614E1-F657-EE3C-036E-FACBB96B4191}.Debug|Any CPU.Build.0 = Debug|Any CPU
		{66C614E1-F657-EE3C-036E-FACBB96B4191}.Release|Any CPU.ActiveCfg = Release|Any CPU
		{66C614E1-F657-EE3C-036E-FACBB96B4191}.Release|Any CPU.Build.0 = Release|Any CPU
		{79E637FB-95CD-4BA8-B45C-CA3B492500FD}.Debug|Any CPU.ActiveCfg = Debug|Any CPU
		{79E637FB-95CD-4BA8-B45C-CA3B492500FD}.Debug|Any CPU.Build.0 = Debug|Any CPU
		{79E637FB-95CD-4BA8-B45C-CA3B492500FD}.Release|Any CPU.ActiveCfg = Release|Any CPU
		{79E637FB-95CD-4BA8-B45C-CA3B492500FD}.Release|Any CPU.Build.0 = Release|Any CPU
		{7198BB95-6E59-43AE-8A25-FDC8C1DE1B66}.Debug|Any CPU.ActiveCfg = Debug|Any CPU
		{7198BB95-6E59-43AE-8A25-FDC8C1DE1B66}.Debug|Any CPU.Build.0 = Debug|Any CPU
		{7198BB95-6E59-43AE-8A25-FDC8C1DE1B66}.Release|Any CPU.ActiveCfg = Release|Any CPU
		{7198BB95-6E59-43AE-8A25-FDC8C1DE1B66}.Release|Any CPU.Build.0 = Release|Any CPU
	EndGlobalSection
	GlobalSection(SolutionProperties) = preSolution
		HideSolutionNode = FALSE
	EndGlobalSection
	GlobalSection(NestedProjects) = preSolution
		{42175D38-2518-4A6C-B1A9-516BEC8BFBBE} = {F3D08662-845C-4224-9390-5503E4D8A7C2}
		{8D7F3D74-5923-440A-BE5F-CB41F0A1C650} = {F3D08662-845C-4224-9390-5503E4D8A7C2}
		{09C54505-DD4A-B8F0-675D-7E2CB7FA945C} = {42175D38-2518-4A6C-B1A9-516BEC8BFBBE}
		{310EEBCE-A040-4CE1-9BBF-2D967EBDD2E5} = {8D7F3D74-5923-440A-BE5F-CB41F0A1C650}
		{FA6713A6-62E5-B3D9-0872-6E82230D27B4} = {310EEBCE-A040-4CE1-9BBF-2D967EBDD2E5}
		{031D8060-9B8E-CB44-7F8C-10D1258D9E79} = {02EA681E-C7D8-13C7-8484-4AC65E1B71E8}
		{04CA3F2D-47E3-C5CE-5E69-060603FCF648} = {02EA681E-C7D8-13C7-8484-4AC65E1B71E8}
		{331FAAB8-706E-3F02-A36D-F03A3391B0FD} = {02EA681E-C7D8-13C7-8484-4AC65E1B71E8}
		{BABD4CD7-03AE-00F4-6B57-3B18073CC3DC} = {02EA681E-C7D8-13C7-8484-4AC65E1B71E8}
		{F4834652-3A48-5557-9A4A-5236DCEC0CBE} = {02EA681E-C7D8-13C7-8484-4AC65E1B71E8}
		{1F1759E1-9447-43AB-97F8-C48A58215B85} = {218CEA89-4F90-43A6-B58F-F5B1995433B2}
		{59174D55-8CA0-4F75-B934-9E9F11F32C80} = {218CEA89-4F90-43A6-B58F-F5B1995433B2}
		{2690254B-AB61-DA4F-A8F7-890A31CB8347} = {1F1759E1-9447-43AB-97F8-C48A58215B85}
		{CF7FF88E-AED7-FFDF-05E4-ECCD9BA31BF7} = {1F1759E1-9447-43AB-97F8-C48A58215B85}
		{1985FC2F-51BA-1115-0994-04D44C24A8B2} = {1F1759E1-9447-43AB-97F8-C48A58215B85}
		{FEF27C62-6484-6C24-9A2C-92A4EE66024F} = {1F1759E1-9447-43AB-97F8-C48A58215B85}
		{66C614E1-F657-EE3C-036E-FACBB96B4191} = {1F1759E1-9447-43AB-97F8-C48A58215B85}
		{79E637FB-95CD-4BA8-B45C-CA3B492500FD} = {59174D55-8CA0-4F75-B934-9E9F11F32C80}
		{7198BB95-6E59-43AE-8A25-FDC8C1DE1B66} = {02EA681E-C7D8-13C7-8484-4AC65E1B71E8}
	EndGlobalSection
	GlobalSection(ExtensibilityGlobals) = postSolution
		SolutionGuid = {F1C61BC4-FFB1-4407-A2BB-26EDFAE75511}
	EndGlobalSection
EndGlobal
