
Microsoft Visual Studio Solution File, Format Version 12.00
# Visual Studio Version 17
VisualStudioVersion = 17.0.31903.59
MinimumVisualStudioVersion = 10.0.40219.1
Project("{2150E333-8FDC-42A3-9474-1A3956D46DE8}") = "src", "src", "{02EA681E-C7D8-13C7-8484-4AC65E1B71E8}"
EndProject
Project("{2150E333-8FDC-42A3-9474-1A3956D46DE8}") = "sdk", "sdk", "{F3D08662-845C-4224-9390-5503E4D8A7C2}"
EndProject
Project("{2150E333-8FDC-42A3-9474-1A3956D46DE8}") = "tests", "tests", "{218CEA89-4F90-43A6-B58F-F5B1995433B2}"
EndProject
Project("{2150E333-8FDC-42A3-9474-1A3956D46DE8}") = "src", "src", "{42175D38-2518-4A6C-B1A9-516BEC8BFBBE}"
EndProject
Project("{2150E333-8FDC-42A3-9474-1A3956D46DE8}") = "tests", "tests", "{8D7F3D74-5923-440A-BE5F-CB41F0A1C650}"
EndProject
Project("{FAE04EC0-301F-11D3-BF4B-00C04F79EFBC}") = "AI.GithubCopilot", "sdk\src\AI.GithubCopilot\AI.GithubCopilot.csproj", "{09C54505-DD4A-B8F0-675D-7E2CB7FA945C}"
EndProject
Project("{2150E333-8FDC-42A3-9474-1A3956D46DE8}") = "Solution Items", "Solution Items", "{8EC462FD-D22E-90A8-E5CE-7E832BA40C5D}"
	ProjectSection(SolutionItems) = preProject
		Directory.Build.props = Directory.Build.props
		Directory.Packages.props = Directory.Packages.props
	EndProjectSection
EndProject
Project("{2150E333-8FDC-42A3-9474-1A3956D46DE8}") = "UnitTests", "UnitTests", "{310EEBCE-A040-4CE1-9BBF-2D967EBDD2E5}"
EndProject
Project("{FAE04EC0-301F-11D3-BF4B-00C04F79EFBC}") = "AI.GithubCopilot.UnitTests", "sdk\tests\UnitTests\AI.GithubCopilot.UnitTests\AI.GithubCopilot.UnitTests.csproj", "{FA6713A6-62E5-B3D9-0872-6E82230D27B4}"
EndProject
Project("{FAE04EC0-301F-11D3-BF4B-00C04F79EFBC}") = "ElTocardo.API", "src\ElTocardo.API\ElTocardo.API.csproj", "{031D8060-9B8E-CB44-7F8C-10D1258D9E79}"
EndProject
Project("{FAE04EC0-301F-11D3-BF4B-00C04F79EFBC}") = "ElTocardo.Host", "src\ElTocardo.Host\ElTocardo.Host.csproj", "{BABD4CD7-03AE-00F4-6B57-3B18073CC3DC}"
EndProject
Project("{2150E333-8FDC-42A3-9474-1A3956D46DE8}") = "UnitTests", "UnitTests", "{1F1759E1-9447-43AB-97F8-C48A58215B85}"
EndProject
Project("{2150E333-8FDC-42A3-9474-1A3956D46DE8}") = "IntegrationTests", "IntegrationTests", "{59174D55-8CA0-4F75-B934-9E9F11F32C80}"
	ProjectSection(SolutionItems) = preProject
		src\ElTocardo.API\appsettings.json = src\ElTocardo.API\appsettings.json
	EndProjectSection
EndProject
Project("{FAE04EC0-301F-11D3-BF4B-00C04F79EFBC}") = "ElTocardo.API.UnitTests", "tests\UnitTests\ElTocardo.API.UnitTests\ElTocardo.API.UnitTests.csproj", "{2690254B-AB61-DA4F-A8F7-890A31CB8347}"
EndProject
Project("{FAE04EC0-301F-11D3-BF4B-00C04F79EFBC}") = "ElTocardo.Host.UnitTests", "tests\UnitTests\ElTocardo.Host.UnitTests\ElTocardo.Host.UnitTests.csproj", "{FEF27C62-6484-6C24-9A2C-92A4EE66024F}"
EndProject
Project("{FAE04EC0-301F-11D3-BF4B-00C04F79EFBC}") = "ElTocardo.Migrations", "src\ElTocardo.Migrations\ElTocardo.Migrations.csproj", "{D26A1275-9572-434C-A0E0-FA3A7505C6A5}"
EndProject
Project("{FAE04EC0-301F-11D3-BF4B-00C04F79EFBC}") = "ElTocardo.API.IntegrationTests", "tests\IntegrationTests\ElTocardo.API.IntegrationTests\ElTocardo.API.IntegrationTests.csproj", "{C03BF60D-1FE4-410A-9F08-0CFEE376AC9E}"
EndProject
Project("{FAE04EC0-301F-11D3-BF4B-00C04F79EFBC}") = "ElTocardo.ServiceDefaults", "src\ElTocardo.ServiceDefaults\ElTocardo.ServiceDefaults.csproj", "{EB10CB62-50FA-4190-8611-0D4B9070E290}"
EndProject
Project("{2150E333-8FDC-42A3-9474-1A3956D46DE8}") = "api", "api", "{7D68D4DA-36CD-4CC5-B213-B0A21BE436DB}"
EndProject
Project("{FAE04EC0-301F-11D3-BF4B-00C04F79EFBC}") = "ElTocardo.Domain", "src\api\ElTocardo.Domain\ElTocardo.Domain.csproj", "{BB06CDF0-DDB1-4670-A88C-FEA528BB06BD}"
EndProject
Project("{FAE04EC0-301F-11D3-BF4B-00C04F79EFBC}") = "ElTocardo.Application", "src\api\ElTocardo.Application\ElTocardo.Application.csproj", "{C5EE1D74-D301-487D-ABC8-2FE922CD254D}"
EndProject
Project("{FAE04EC0-301F-11D3-BF4B-00C04F79EFBC}") = "ElTocardo.Infrastructure", "src\api\ElTocardo.Infrastructure\ElTocardo.Infrastructure.csproj", "{A08B1473-BC1D-4AA0-B51B-E45254CA0D77}"
EndProject
Project("{FAE04EC0-301F-11D3-BF4B-00C04F79EFBC}") = "ElTocardo.Infrastructure.EntityFramework", "src\api\ElTocardo.Infrastructure.EntityFramework\ElTocardo.Infrastructure.EntityFramework.csproj", "{9D79EBAC-875D-43AC-98FA-D9F273501CC9}"
EndProject
Project("{FAE04EC0-301F-11D3-BF4B-00C04F79EFBC}") = "ElTocardo.Authorization.Server", "src\ElTocardo.Authorization.Server\ElTocardo.Authorization.Server.csproj", "{1912EF30-11F7-420D-B705-0D65B71BCFAD}"
EndProject
Project("{2150E333-8FDC-42A3-9474-1A3956D46DE8}") = "api", "api", "{0A603C49-0DE1-4D3F-B578-F93030B49BCB}"
EndProject
Project("{FAE04EC0-301F-11D3-BF4B-00C04F79EFBC}") = "ElTocardo.Domain.UnitTests", "tests\UnitTests\api\ElTocardo.Domain.UnitTests\ElTocardo.Domain.UnitTests.csproj", "{3A0F9196-C732-4BD2-B73A-C76E9A3124DB}"
EndProject
Project("{FAE04EC0-301F-11D3-BF4B-00C04F79EFBC}") = "ElTocardo.Application.UnitTests", "tests\UnitTests\api\ElTocardo.Application.UnitTests\ElTocardo.Application.UnitTests.csproj", "{78CF4B64-92B9-48D0-B8A1-6B62D3C4F109}"
EndProject
Project("{FAE04EC0-301F-11D3-BF4B-00C04F79EFBC}") = "ElTocardo.Infrastructure.UnitTests", "tests\UnitTests\api\ElTocardo.Infrastructure.UnitTests\ElTocardo.Infrastructure.UnitTests.csproj", "{0EBA4E05-7BC3-4AFC-A177-E42BAE8EA22D}"
EndProject
Project("{2150E333-8FDC-42A3-9474-1A3956D46DE8}") = "authorization", "authorization", "{853D8FE3-711C-45D7-965D-A2D9D984B71E}"
EndProject
Project("{FAE04EC0-301F-11D3-BF4B-00C04F79EFBC}") = "ElTocardo.Authorization.EntityFramework", "src\authorization\ElTocardo.Authorization.EntityFramework\ElTocardo.Authorization.EntityFramework.csproj", "{69EDB8FC-82D2-4DBD-9FB3-041204D8017E}"
EndProject
Global
	GlobalSection(SolutionConfigurationPlatforms) = preSolution
		Debug|Any CPU = Debug|Any CPU
		Release|Any CPU = Release|Any CPU
	EndGlobalSection
	GlobalSection(ProjectConfigurationPlatforms) = postSolution
		{09C54505-DD4A-B8F0-675D-7E2CB7FA945C}.Debug|Any CPU.ActiveCfg = Debug|Any CPU
		{09C54505-DD4A-B8F0-675D-7E2CB7FA945C}.Debug|Any CPU.Build.0 = Debug|Any CPU
		{09C54505-DD4A-B8F0-675D-7E2CB7FA945C}.Release|Any CPU.ActiveCfg = Release|Any CPU
		{09C54505-DD4A-B8F0-675D-7E2CB7FA945C}.Release|Any CPU.Build.0 = Release|Any CPU
		{FA6713A6-62E5-B3D9-0872-6E82230D27B4}.Debug|Any CPU.ActiveCfg = Debug|Any CPU
		{FA6713A6-62E5-B3D9-0872-6E82230D27B4}.Debug|Any CPU.Build.0 = Debug|Any CPU
		{FA6713A6-62E5-B3D9-0872-6E82230D27B4}.Release|Any CPU.ActiveCfg = Release|Any CPU
		{FA6713A6-62E5-B3D9-0872-6E82230D27B4}.Release|Any CPU.Build.0 = Release|Any CPU
		{031D8060-9B8E-CB44-7F8C-10D1258D9E79}.Debug|Any CPU.ActiveCfg = Debug|Any CPU
		{031D8060-9B8E-CB44-7F8C-10D1258D9E79}.Debug|Any CPU.Build.0 = Debug|Any CPU
		{031D8060-9B8E-CB44-7F8C-10D1258D9E79}.Release|Any CPU.ActiveCfg = Release|Any CPU
		{031D8060-9B8E-CB44-7F8C-10D1258D9E79}.Release|Any CPU.Build.0 = Release|Any CPU
		{BABD4CD7-03AE-00F4-6B57-3B18073CC3DC}.Debug|Any CPU.ActiveCfg = Debug|Any CPU
		{BABD4CD7-03AE-00F4-6B57-3B18073CC3DC}.Debug|Any CPU.Build.0 = Debug|Any CPU
		{BABD4CD7-03AE-00F4-6B57-3B18073CC3DC}.Release|Any CPU.ActiveCfg = Release|Any CPU
		{BABD4CD7-03AE-00F4-6B57-3B18073CC3DC}.Release|Any CPU.Build.0 = Release|Any CPU
		{2690254B-AB61-DA4F-A8F7-890A31CB8347}.Debug|Any CPU.ActiveCfg = Debug|Any CPU
		{2690254B-AB61-DA4F-A8F7-890A31CB8347}.Debug|Any CPU.Build.0 = Debug|Any CPU
		{2690254B-AB61-DA4F-A8F7-890A31CB8347}.Release|Any CPU.ActiveCfg = Release|Any CPU
		{2690254B-AB61-DA4F-A8F7-890A31CB8347}.Release|Any CPU.Build.0 = Release|Any CPU
		{FEF27C62-6484-6C24-9A2C-92A4EE66024F}.Debug|Any CPU.ActiveCfg = Debug|Any CPU
		{FEF27C62-6484-6C24-9A2C-92A4EE66024F}.Debug|Any CPU.Build.0 = Debug|Any CPU
		{FEF27C62-6484-6C24-9A2C-92A4EE66024F}.Release|Any CPU.ActiveCfg = Release|Any CPU
		{FEF27C62-6484-6C24-9A2C-92A4EE66024F}.Release|Any CPU.Build.0 = Release|Any CPU
		{D26A1275-9572-434C-A0E0-FA3A7505C6A5}.Debug|Any CPU.ActiveCfg = Debug|Any CPU
		{D26A1275-9572-434C-A0E0-FA3A7505C6A5}.Debug|Any CPU.Build.0 = Debug|Any CPU
		{D26A1275-9572-434C-A0E0-FA3A7505C6A5}.Release|Any CPU.ActiveCfg = Release|Any CPU
		{D26A1275-9572-434C-A0E0-FA3A7505C6A5}.Release|Any CPU.Build.0 = Release|Any CPU
		{C03BF60D-1FE4-410A-9F08-0CFEE376AC9E}.Debug|Any CPU.ActiveCfg = Debug|Any CPU
		{C03BF60D-1FE4-410A-9F08-0CFEE376AC9E}.Debug|Any CPU.Build.0 = Debug|Any CPU
		{C03BF60D-1FE4-410A-9F08-0CFEE376AC9E}.Release|Any CPU.ActiveCfg = Release|Any CPU
		{C03BF60D-1FE4-410A-9F08-0CFEE376AC9E}.Release|Any CPU.Build.0 = Release|Any CPU
		{EB10CB62-50FA-4190-8611-0D4B9070E290}.Debug|Any CPU.ActiveCfg = Debug|Any CPU
		{EB10CB62-50FA-4190-8611-0D4B9070E290}.Debug|Any CPU.Build.0 = Debug|Any CPU
		{EB10CB62-50FA-4190-8611-0D4B9070E290}.Release|Any CPU.ActiveCfg = Release|Any CPU
		{EB10CB62-50FA-4190-8611-0D4B9070E290}.Release|Any CPU.Build.0 = Release|Any CPU
		{BB06CDF0-DDB1-4670-A88C-FEA528BB06BD}.Debug|Any CPU.ActiveCfg = Debug|Any CPU
		{BB06CDF0-DDB1-4670-A88C-FEA528BB06BD}.Debug|Any CPU.Build.0 = Debug|Any CPU
		{BB06CDF0-DDB1-4670-A88C-FEA528BB06BD}.Release|Any CPU.ActiveCfg = Release|Any CPU
		{BB06CDF0-DDB1-4670-A88C-FEA528BB06BD}.Release|Any CPU.Build.0 = Release|Any CPU
		{C5EE1D74-D301-487D-ABC8-2FE922CD254D}.Debug|Any CPU.ActiveCfg = Debug|Any CPU
		{C5EE1D74-D301-487D-ABC8-2FE922CD254D}.Debug|Any CPU.Build.0 = Debug|Any CPU
		{C5EE1D74-D301-487D-ABC8-2FE922CD254D}.Release|Any CPU.ActiveCfg = Release|Any CPU
		{C5EE1D74-D301-487D-ABC8-2FE922CD254D}.Release|Any CPU.Build.0 = Release|Any CPU
		{A08B1473-BC1D-4AA0-B51B-E45254CA0D77}.Debug|Any CPU.ActiveCfg = Debug|Any CPU
		{A08B1473-BC1D-4AA0-B51B-E45254CA0D77}.Debug|Any CPU.Build.0 = Debug|Any CPU
		{A08B1473-BC1D-4AA0-B51B-E45254CA0D77}.Release|Any CPU.ActiveCfg = Release|Any CPU
		{A08B1473-BC1D-4AA0-B51B-E45254CA0D77}.Release|Any CPU.Build.0 = Release|Any CPU
		{9D79EBAC-875D-43AC-98FA-D9F273501CC9}.Debug|Any CPU.ActiveCfg = Debug|Any CPU
		{9D79EBAC-875D-43AC-98FA-D9F273501CC9}.Debug|Any CPU.Build.0 = Debug|Any CPU
		{9D79EBAC-875D-43AC-98FA-D9F273501CC9}.Release|Any CPU.ActiveCfg = Release|Any CPU
		{9D79EBAC-875D-43AC-98FA-D9F273501CC9}.Release|Any CPU.Build.0 = Release|Any CPU
		{1912EF30-11F7-420D-B705-0D65B71BCFAD}.Debug|Any CPU.ActiveCfg = Debug|Any CPU
		{1912EF30-11F7-420D-B705-0D65B71BCFAD}.Debug|Any CPU.Build.0 = Debug|Any CPU
		{1912EF30-11F7-420D-B705-0D65B71BCFAD}.Release|Any CPU.ActiveCfg = Release|Any CPU
		{1912EF30-11F7-420D-B705-0D65B71BCFAD}.Release|Any CPU.Build.0 = Release|Any CPU
		{3A0F9196-C732-4BD2-B73A-C76E9A3124DB}.Debug|Any CPU.ActiveCfg = Debug|Any CPU
		{3A0F9196-C732-4BD2-B73A-C76E9A3124DB}.Debug|Any CPU.Build.0 = Debug|Any CPU
		{3A0F9196-C732-4BD2-B73A-C76E9A3124DB}.Release|Any CPU.ActiveCfg = Release|Any CPU
		{3A0F9196-C732-4BD2-B73A-C76E9A3124DB}.Release|Any CPU.Build.0 = Release|Any CPU
		{78CF4B64-92B9-48D0-B8A1-6B62D3C4F109}.Debug|Any CPU.ActiveCfg = Debug|Any CPU
		{78CF4B64-92B9-48D0-B8A1-6B62D3C4F109}.Debug|Any CPU.Build.0 = Debug|Any CPU
		{78CF4B64-92B9-48D0-B8A1-6B62D3C4F109}.Release|Any CPU.ActiveCfg = Release|Any CPU
		{78CF4B64-92B9-48D0-B8A1-6B62D3C4F109}.Release|Any CPU.Build.0 = Release|Any CPU
		{0EBA4E05-7BC3-4AFC-A177-E42BAE8EA22D}.Debug|Any CPU.ActiveCfg = Debug|Any CPU
		{0EBA4E05-7BC3-4AFC-A177-E42BAE8EA22D}.Debug|Any CPU.Build.0 = Debug|Any CPU
		{0EBA4E05-7BC3-4AFC-A177-E42BAE8EA22D}.Release|Any CPU.ActiveCfg = Release|Any CPU
		{0EBA4E05-7BC3-4AFC-A177-E42BAE8EA22D}.Release|Any CPU.Build.0 = Release|Any CPU
		{69EDB8FC-82D2-4DBD-9FB3-041204D8017E}.Debug|Any CPU.ActiveCfg = Debug|Any CPU
		{69EDB8FC-82D2-4DBD-9FB3-041204D8017E}.Debug|Any CPU.Build.0 = Debug|Any CPU
		{69EDB8FC-82D2-4DBD-9FB3-041204D8017E}.Release|Any CPU.ActiveCfg = Release|Any CPU
		{69EDB8FC-82D2-4DBD-9FB3-041204D8017E}.Release|Any CPU.Build.0 = Release|Any CPU
	EndGlobalSection
	GlobalSection(SolutionProperties) = preSolution
		HideSolutionNode = FALSE
	EndGlobalSection
	GlobalSection(NestedProjects) = preSolution
		{42175D38-2518-4A6C-B1A9-516BEC8BFBBE} = {F3D08662-845C-4224-9390-5503E4D8A7C2}
		{8D7F3D74-5923-440A-BE5F-CB41F0A1C650} = {F3D08662-845C-4224-9390-5503E4D8A7C2}
		{09C54505-DD4A-B8F0-675D-7E2CB7FA945C} = {42175D38-2518-4A6C-B1A9-516BEC8BFBBE}
		{310EEBCE-A040-4CE1-9BBF-2D967EBDD2E5} = {8D7F3D74-5923-440A-BE5F-CB41F0A1C650}
		{FA6713A6-62E5-B3D9-0872-6E82230D27B4} = {310EEBCE-A040-4CE1-9BBF-2D967EBDD2E5}
		{031D8060-9B8E-CB44-7F8C-10D1258D9E79} = {02EA681E-C7D8-13C7-8484-4AC65E1B71E8}
		{BABD4CD7-03AE-00F4-6B57-3B18073CC3DC} = {02EA681E-C7D8-13C7-8484-4AC65E1B71E8}
		{1F1759E1-9447-43AB-97F8-C48A58215B85} = {218CEA89-4F90-43A6-B58F-F5B1995433B2}
		{59174D55-8CA0-4F75-B934-9E9F11F32C80} = {218CEA89-4F90-43A6-B58F-F5B1995433B2}
		{2690254B-AB61-DA4F-A8F7-890A31CB8347} = {1F1759E1-9447-43AB-97F8-C48A58215B85}
		{FEF27C62-6484-6C24-9A2C-92A4EE66024F} = {1F1759E1-9447-43AB-97F8-C48A58215B85}
		{D26A1275-9572-434C-A0E0-FA3A7505C6A5} = {02EA681E-C7D8-13C7-8484-4AC65E1B71E8}
		{C03BF60D-1FE4-410A-9F08-0CFEE376AC9E} = {59174D55-8CA0-4F75-B934-9E9F11F32C80}
		{EB10CB62-50FA-4190-8611-0D4B9070E290} = {02EA681E-C7D8-13C7-8484-4AC65E1B71E8}
		{7D68D4DA-36CD-4CC5-B213-B0A21BE436DB} = {02EA681E-C7D8-13C7-8484-4AC65E1B71E8}
		{BB06CDF0-DDB1-4670-A88C-FEA528BB06BD} = {7D68D4DA-36CD-4CC5-B213-B0A21BE436DB}
		{C5EE1D74-D301-487D-ABC8-2FE922CD254D} = {7D68D4DA-36CD-4CC5-B213-B0A21BE436DB}
		{A08B1473-BC1D-4AA0-B51B-E45254CA0D77} = {7D68D4DA-36CD-4CC5-B213-B0A21BE436DB}
		{9D79EBAC-875D-43AC-98FA-D9F273501CC9} = {7D68D4DA-36CD-4CC5-B213-B0A21BE436DB}
		{1912EF30-11F7-420D-B705-0D65B71BCFAD} = {02EA681E-C7D8-13C7-8484-4AC65E1B71E8}
		{0A603C49-0DE1-4D3F-B578-F93030B49BCB} = {1F1759E1-9447-43AB-97F8-C48A58215B85}
		{3A0F9196-C732-4BD2-B73A-C76E9A3124DB} = {0A603C49-0DE1-4D3F-B578-F93030B49BCB}
		{78CF4B64-92B9-48D0-B8A1-6B62D3C4F109} = {0A603C49-0DE1-4D3F-B578-F93030B49BCB}
		{0EBA4E05-7BC3-4AFC-A177-E42BAE8EA22D} = {0A603C49-0DE1-4D3F-B578-F93030B49BCB}
		{853D8FE3-711C-45D7-965D-A2D9D984B71E} = {02EA681E-C7D8-13C7-8484-4AC65E1B71E8}
		{69EDB8FC-82D2-4DBD-9FB3-041204D8017E} = {853D8FE3-711C-45D7-965D-A2D9D984B71E}
	EndGlobalSection
	GlobalSection(ExtensibilityGlobals) = postSolution
		SolutionGuid = {F1C61BC4-FFB1-4407-A2BB-26EDFAE75511}
	EndGlobalSection
EndGlobal
